
Microsoft Visual Studio Solution File, Format Version 12.00
# Visual Studio Version 17
VisualStudioVersion = 17.8.34316.72
MinimumVisualStudioVersion = 10.0.40219.1
Project("{9A19103F-16F7-4668-BE54-9A1E7A4F7556}") = "DragWin", "DragWin\DragWin.csproj", "{59412C8A-FEC1-4238-A7EB-B8E8ED1F20B1}"
EndProject
Global
	GlobalSection(SolutionConfigurationPlatforms) = preSolution
		Debug|Any CPU = Debug|Any CPU
		Release|Any CPU = Release|Any CPU
	EndGlobalSection
	GlobalSection(ProjectConfigurationPlatforms) = postSolution
		{59412C8A-FEC1-4238-A7EB-B8E8ED1F20B1}.Debug|Any CPU.ActiveCfg = Debug|Any CPU
		{59412C8A-FEC1-4238-A7EB-B8E8ED1F20B1}.Debug|Any CPU.Build.0 = Debug|Any CPU
		{59412C8A-FEC1-4238-A7EB-B8E8ED1F20B1}.Release|Any CPU.ActiveCfg = Release|Any CPU
		{59412C8A-FEC1-4238-A7EB-B8E8ED1F20B1}.Release|Any CPU.Build.0 = Release|Any CPU
	EndGlobalSection
	GlobalSection(SolutionProperties) = preSolution
		HideSolutionNode = FALSE
	EndGlobalSection
	GlobalSection(ExtensibilityGlobals) = postSolution
		SolutionGuid = {347E4496-63C9-4785-87F1-DC49116B4AF4}
	EndGlobalSection
EndGlobal
